
Microsoft Visual Studio Solution File, Format Version 11.00
# Visual Studio 2010
Project("{FAE04EC0-301F-11D3-BF4B-00C04F79EFBC}") = "Assembly-CSharp", "Assembly-CSharp.csproj", "{291C9A0F-8B6D-99A1-E859-8CB3F24D5BA1}"
EndProject
Project("{FAE04EC0-301F-11D3-BF4B-00C04F79EFBC}") = "Assembly-CSharp-Editor", "Assembly-CSharp-Editor.csproj", "{2FAEC426-9BF9-985F-1C2B-1C6C138DBEED}"
EndProject
Global
	GlobalSection(SolutionConfigurationPlatforms) = preSolution
		Debug|Any CPU = Debug|Any CPU
		Release|Any CPU = Release|Any CPU
	EndGlobalSection
	GlobalSection(ProjectConfigurationPlatforms) = postSolution
		{291C9A0F-8B6D-99A1-E859-8CB3F24D5BA1}.Debug|Any CPU.ActiveCfg = Debug|Any CPU
		{291C9A0F-8B6D-99A1-E859-8CB3F24D5BA1}.Debug|Any CPU.Build.0 = Debug|Any CPU
		{291C9A0F-8B6D-99A1-E859-8CB3F24D5BA1}.Release|Any CPU.ActiveCfg = Release|Any CPU
		{291C9A0F-8B6D-99A1-E859-8CB3F24D5BA1}.Release|Any CPU.Build.0 = Release|Any CPU
		{2FAEC426-9BF9-985F-1C2B-1C6C138DBEED}.Debug|Any CPU.ActiveCfg = Debug|Any CPU
		{2FAEC426-9BF9-985F-1C2B-1C6C138DBEED}.Debug|Any CPU.Build.0 = Debug|Any CPU
		{2FAEC426-9BF9-985F-1C2B-1C6C138DBEED}.Release|Any CPU.ActiveCfg = Release|Any CPU
		{2FAEC426-9BF9-985F-1C2B-1C6C138DBEED}.Release|Any CPU.Build.0 = Release|Any CPU
	EndGlobalSection
	GlobalSection(SolutionProperties) = preSolution
		HideSolutionNode = FALSE
	EndGlobalSection
EndGlobal
