
Microsoft Visual Studio Solution File, Format Version 11.00
# Visual Studio 2010
Project("{FAE04EC0-301F-11D3-BF4B-00C04F79EFBC}") = "Assembly-CSharp", "Assembly-CSharp.csproj", "{11380118-77A2-6E7D-0FC5-B503314FE721}"
EndProject
Project("{FAE04EC0-301F-11D3-BF4B-00C04F79EFBC}") = "Assembly-CSharp-Editor", "Assembly-CSharp-Editor.csproj", "{968518B4-4858-C081-4FCF-D6B4CB9D48E8}"
EndProject
Global
	GlobalSection(SolutionConfigurationPlatforms) = preSolution
		Debug|Any CPU = Debug|Any CPU
		Release|Any CPU = Release|Any CPU
	EndGlobalSection
	GlobalSection(ProjectConfigurationPlatforms) = postSolution
		{11380118-77A2-6E7D-0FC5-B503314FE721}.Debug|Any CPU.ActiveCfg = Debug|Any CPU
		{11380118-77A2-6E7D-0FC5-B503314FE721}.Debug|Any CPU.Build.0 = Debug|Any CPU
		{11380118-77A2-6E7D-0FC5-B503314FE721}.Release|Any CPU.ActiveCfg = Release|Any CPU
		{11380118-77A2-6E7D-0FC5-B503314FE721}.Release|Any CPU.Build.0 = Release|Any CPU
		{968518B4-4858-C081-4FCF-D6B4CB9D48E8}.Debug|Any CPU.ActiveCfg = Debug|Any CPU
		{968518B4-4858-C081-4FCF-D6B4CB9D48E8}.Debug|Any CPU.Build.0 = Debug|Any CPU
		{968518B4-4858-C081-4FCF-D6B4CB9D48E8}.Release|Any CPU.ActiveCfg = Release|Any CPU
		{968518B4-4858-C081-4FCF-D6B4CB9D48E8}.Release|Any CPU.Build.0 = Release|Any CPU
	EndGlobalSection
	GlobalSection(SolutionProperties) = preSolution
		HideSolutionNode = FALSE
	EndGlobalSection
	GlobalSection(MonoDevelopProperties) = preSolution
		StartupItem = Assembly-CSharp.csproj
	EndGlobalSection
EndGlobal
